
Microsoft Visual Studio Solution File, Format Version 12.00
# Visual Studio Version 17
VisualStudioVersion = 17.11.35219.272
MinimumVisualStudioVersion = 10.0.40219.1
Project("{FAE04EC0-301F-11D3-BF4B-00C04F79EFBC}") = "BT02", "BT02\BT02.csproj", "{89A67AE2-9DFA-41C2-A5AF-4D68BBFE8DCE}"
EndProject
Global
	GlobalSection(SolutionConfigurationPlatforms) = preSolution
		Debug|Any CPU = Debug|Any CPU
		Release|Any CPU = Release|Any CPU
	EndGlobalSection
	GlobalSection(ProjectConfigurationPlatforms) = postSolution
		{89A67AE2-9DFA-41C2-A5AF-4D68BBFE8DCE}.Debug|Any CPU.ActiveCfg = Debug|Any CPU
		{89A67AE2-9DFA-41C2-A5AF-4D68BBFE8DCE}.Debug|Any CPU.Build.0 = Debug|Any CPU
		{89A67AE2-9DFA-41C2-A5AF-4D68BBFE8DCE}.Release|Any CPU.ActiveCfg = Release|Any CPU
		{89A67AE2-9DFA-41C2-A5AF-4D68BBFE8DCE}.Release|Any CPU.Build.0 = Release|Any CPU
	EndGlobalSection
	GlobalSection(SolutionProperties) = preSolution
		HideSolutionNode = FALSE
	EndGlobalSection
	GlobalSection(ExtensibilityGlobals) = postSolution
		SolutionGuid = {E151778E-90F0-45DA-A562-F5BC52270A2C}
	EndGlobalSection
EndGlobal
