
Microsoft Visual Studio Solution File, Format Version 12.00
# Visual Studio Version 17
VisualStudioVersion = 17.11.35219.272
MinimumVisualStudioVersion = 10.0.40219.1
Project("{FAE04EC0-301F-11D3-BF4B-00C04F79EFBC}") = "BT04", "BT04.csproj", "{0F5C1F9A-DC49-4904-B86C-DC2E82FCFD9B}"
EndProject
Global
	GlobalSection(SolutionConfigurationPlatforms) = preSolution
		Debug|Any CPU = Debug|Any CPU
		Release|Any CPU = Release|Any CPU
	EndGlobalSection
	GlobalSection(ProjectConfigurationPlatforms) = postSolution
		{0F5C1F9A-DC49-4904-B86C-DC2E82FCFD9B}.Debug|Any CPU.ActiveCfg = Debug|Any CPU
		{0F5C1F9A-DC49-4904-B86C-DC2E82FCFD9B}.Debug|Any CPU.Build.0 = Debug|Any CPU
		{0F5C1F9A-DC49-4904-B86C-DC2E82FCFD9B}.Release|Any CPU.ActiveCfg = Release|Any CPU
		{0F5C1F9A-DC49-4904-B86C-DC2E82FCFD9B}.Release|Any CPU.Build.0 = Release|Any CPU
	EndGlobalSection
	GlobalSection(SolutionProperties) = preSolution
		HideSolutionNode = FALSE
	EndGlobalSection
	GlobalSection(ExtensibilityGlobals) = postSolution
		SolutionGuid = {67F05245-4B69-4FA8-9314-CAA221977A2C}
	EndGlobalSection
EndGlobal
