
Microsoft Visual Studio Solution File, Format Version 12.00
# Visual Studio Version 17
VisualStudioVersion = 17.11.35219.272
MinimumVisualStudioVersion = 10.0.40219.1
Project("{FAE04EC0-301F-11D3-BF4B-00C04F79EFBC}") = "BT06", "BT06.csproj", "{A3D4E31C-9D2A-43FC-9882-16910FCE2A0A}"
EndProject
Global
	GlobalSection(SolutionConfigurationPlatforms) = preSolution
		Debug|Any CPU = Debug|Any CPU
		Release|Any CPU = Release|Any CPU
	EndGlobalSection
	GlobalSection(ProjectConfigurationPlatforms) = postSolution
		{A3D4E31C-9D2A-43FC-9882-16910FCE2A0A}.Debug|Any CPU.ActiveCfg = Debug|Any CPU
		{A3D4E31C-9D2A-43FC-9882-16910FCE2A0A}.Debug|Any CPU.Build.0 = Debug|Any CPU
		{A3D4E31C-9D2A-43FC-9882-16910FCE2A0A}.Release|Any CPU.ActiveCfg = Release|Any CPU
		{A3D4E31C-9D2A-43FC-9882-16910FCE2A0A}.Release|Any CPU.Build.0 = Release|Any CPU
	EndGlobalSection
	GlobalSection(SolutionProperties) = preSolution
		HideSolutionNode = FALSE
	EndGlobalSection
	GlobalSection(ExtensibilityGlobals) = postSolution
		SolutionGuid = {AABD550F-D997-4B81-8435-92F03278213E}
	EndGlobalSection
EndGlobal
