
Microsoft Visual Studio Solution File, Format Version 12.00
# Visual Studio Version 17
VisualStudioVersion = 17.11.35219.272
MinimumVisualStudioVersion = 10.0.40219.1
Project("{FAE04EC0-301F-11D3-BF4B-00C04F79EFBC}") = "BTkiemtra03_03", "BTkiemtra03_03.csproj", "{A373CE59-130E-4A23-B3AC-A134D98BE654}"
EndProject
Global
	GlobalSection(SolutionConfigurationPlatforms) = preSolution
		Debug|Any CPU = Debug|Any CPU
		Release|Any CPU = Release|Any CPU
	EndGlobalSection
	GlobalSection(ProjectConfigurationPlatforms) = postSolution
		{A373CE59-130E-4A23-B3AC-A134D98BE654}.Debug|Any CPU.ActiveCfg = Debug|Any CPU
		{A373CE59-130E-4A23-B3AC-A134D98BE654}.Debug|Any CPU.Build.0 = Debug|Any CPU
		{A373CE59-130E-4A23-B3AC-A134D98BE654}.Release|Any CPU.ActiveCfg = Release|Any CPU
		{A373CE59-130E-4A23-B3AC-A134D98BE654}.Release|Any CPU.Build.0 = Release|Any CPU
	EndGlobalSection
	GlobalSection(SolutionProperties) = preSolution
		HideSolutionNode = FALSE
	EndGlobalSection
	GlobalSection(ExtensibilityGlobals) = postSolution
		SolutionGuid = {25AC344D-DF6D-4191-84AB-7362CF45A51E}
	EndGlobalSection
EndGlobal
